
Microsoft Visual Studio Solution File, Format Version 12.00
# Visual Studio Version 17
VisualStudioVersion = 17.14.36518.9 d17.14
MinimumVisualStudioVersion = 10.0.40219.1
Project("{FAE04EC0-301F-11D3-BF4B-00C04F79EFBC}") = "practice_12_october", "practice_12_october\practice_12_october.csproj", "{1D76691E-B34C-4AED-AB92-2B75B9CAA6CE}"
EndProject
Global
	GlobalSection(SolutionConfigurationPlatforms) = preSolution
		Debug|Any CPU = Debug|Any CPU
		Release|Any CPU = Release|Any CPU
	EndGlobalSection
	GlobalSection(ProjectConfigurationPlatforms) = postSolution
		{1D76691E-B34C-4AED-AB92-2B75B9CAA6CE}.Debug|Any CPU.ActiveCfg = Debug|Any CPU
		{1D76691E-B34C-4AED-AB92-2B75B9CAA6CE}.Debug|Any CPU.Build.0 = Debug|Any CPU
		{1D76691E-B34C-4AED-AB92-2B75B9CAA6CE}.Release|Any CPU.ActiveCfg = Release|Any CPU
		{1D76691E-B34C-4AED-AB92-2B75B9CAA6CE}.Release|Any CPU.Build.0 = Release|Any CPU
	EndGlobalSection
	GlobalSection(SolutionProperties) = preSolution
		HideSolutionNode = FALSE
	EndGlobalSection
	GlobalSection(ExtensibilityGlobals) = postSolution
		SolutionGuid = {419621BC-3050-4360-88F2-1493A911D8C1}
	EndGlobalSection
EndGlobal
